// !$*UTF8*$!
{
	archiveVersion = 1;
	classes = {
	};
	objectVersion = 46;
	objects = {

/* Begin PBXAggregateTarget section */
		swiftanalyticskit::SwiftAnalyticsKitPackageTests::ProductTarget /* SwiftAnalyticsKitPackageTests */ = {
			isa = PBXAggregateTarget;
			buildConfigurationList = OBJ_120 /* Build configuration list for PBXAggregateTarget "SwiftAnalyticsKitPackageTests" */;
			buildPhases = (
			);
			dependencies = (
				OBJ_123 /* PBXTargetDependency */,
			);
			name = SwiftAnalyticsKitPackageTests;
			productName = SwiftAnalyticsKitPackageTests;
		};
/* End PBXAggregateTarget section */

/* Begin PBXBuildFile section */
		8B0DE71EDC5A982D744C371E /* Analytics.docc in Sources */ = {isa = PBXBuildFile; fileRef = 15D0EACAB3A8E6677F281D1E /* Analytics.docc */; };
		C58BA2A0E305F74B96259801 /* AnalyticsMock.docc in Sources */ = {isa = PBXBuildFile; fileRef = C1D785EDA64E8EB58D5485F5 /* AnalyticsMock.docc */; };
		OBJ_100 /* AnalyticsSingleExpectationHandlerTests.swift in Sources */ = {isa = PBXBuildFile; fileRef = OBJ_43 /* AnalyticsSingleExpectationHandlerTests.swift */; };
		OBJ_101 /* AnyAnalyticsEventTests.swift in Sources */ = {isa = PBXBuildFile; fileRef = OBJ_44 /* AnyAnalyticsEventTests.swift */; };
		OBJ_102 /* AnyAnalyticsHandlerTests.swift in Sources */ = {isa = PBXBuildFile; fileRef = OBJ_45 /* AnyAnalyticsHandlerTests.swift */; };
		OBJ_103 /* MultiplexAnalyticsHandlerTests.swift in Sources */ = {isa = PBXBuildFile; fileRef = OBJ_46 /* MultiplexAnalyticsHandlerTests.swift */; };
		OBJ_104 /* MultiplexAnyAnalyticsHandlerTests.swift in Sources */ = {isa = PBXBuildFile; fileRef = OBJ_47 /* MultiplexAnyAnalyticsHandlerTests.swift */; };
		OBJ_105 /* SomeAnalyticsEventTests.swift in Sources */ = {isa = PBXBuildFile; fileRef = OBJ_48 /* SomeAnalyticsEventTests.swift */; };
		OBJ_106 /* StandardDictionaryEncoderTests.swift in Sources */ = {isa = PBXBuildFile; fileRef = OBJ_49 /* StandardDictionaryEncoderTests.swift */; };
		OBJ_107 /* StandardEvents.swift in Sources */ = {isa = PBXBuildFile; fileRef = OBJ_50 /* StandardEvents.swift */; };
		OBJ_109 /* AnalyticsMock.framework in Frameworks */ = {isa = PBXBuildFile; fileRef = swiftanalyticskit::AnalyticsMock::Product /* AnalyticsMock.framework */; };
		OBJ_110 /* Analytics.framework in Frameworks */ = {isa = PBXBuildFile; fileRef = swiftanalyticskit::Analytics::Product /* Analytics.framework */; };
		OBJ_118 /* Package.swift in Sources */ = {isa = PBXBuildFile; fileRef = OBJ_6 /* Package.swift */; };
		OBJ_61 /* AnalyticsEvent.swift in Sources */ = {isa = PBXBuildFile; fileRef = OBJ_12 /* AnalyticsEvent.swift */; };
		OBJ_62 /* AnyAnalyticsEvent.swift in Sources */ = {isa = PBXBuildFile; fileRef = OBJ_13 /* AnyAnalyticsEvent.swift */; };
		OBJ_63 /* AnalyticsMetadata.swift in Sources */ = {isa = PBXBuildFile; fileRef = OBJ_15 /* AnalyticsMetadata.swift */; };
		OBJ_64 /* AnyMetadata.swift in Sources */ = {isa = PBXBuildFile; fileRef = OBJ_16 /* AnyMetadata.swift */; };
		OBJ_65 /* EmptyMetadata.swift in Sources */ = {isa = PBXBuildFile; fileRef = OBJ_17 /* EmptyMetadata.swift */; };
		OBJ_66 /* GlobalAnalyticsMetadata.swift in Sources */ = {isa = PBXBuildFile; fileRef = OBJ_18 /* GlobalAnalyticsMetadata.swift */; };
		OBJ_67 /* Initializable.swift in Sources */ = {isa = PBXBuildFile; fileRef = OBJ_19 /* Initializable.swift */; };
		OBJ_68 /* AnalyticsConfiguration.swift in Sources */ = {isa = PBXBuildFile; fileRef = OBJ_21 /* AnalyticsConfiguration.swift */; };
		OBJ_69 /* AnalyticsGroup.swift in Sources */ = {isa = PBXBuildFile; fileRef = OBJ_22 /* AnalyticsGroup.swift */; };
		OBJ_70 /* RawAnalyticsEvent.swift in Sources */ = {isa = PBXBuildFile; fileRef = OBJ_23 /* RawAnalyticsEvent.swift */; };
		OBJ_71 /* SomeAnalyticsEvent.swift in Sources */ = {isa = PBXBuildFile; fileRef = OBJ_24 /* SomeAnalyticsEvent.swift */; };
		OBJ_72 /* AnalyticsEncoder.swift in Sources */ = {isa = PBXBuildFile; fileRef = OBJ_26 /* AnalyticsEncoder.swift */; };
		OBJ_73 /* AnalyticsHandler.swift in Sources */ = {isa = PBXBuildFile; fileRef = OBJ_27 /* AnalyticsHandler.swift */; };
		OBJ_74 /* AnyAnalyticsEventHandler.swift in Sources */ = {isa = PBXBuildFile; fileRef = OBJ_28 /* AnyAnalyticsEventHandler.swift */; };
		OBJ_75 /* AnyAnalyticsHandler.swift in Sources */ = {isa = PBXBuildFile; fileRef = OBJ_29 /* AnyAnalyticsHandler.swift */; };
		OBJ_76 /* AnyHashableAnalyticsHandler.swift in Sources */ = {isa = PBXBuildFile; fileRef = OBJ_30 /* AnyHashableAnalyticsHandler.swift */; };
		OBJ_77 /* MultiplexAnalyticsHandler.swift in Sources */ = {isa = PBXBuildFile; fileRef = OBJ_31 /* MultiplexAnalyticsHandler.swift */; };
		OBJ_78 /* MultiplexAnyAnalyticsHandler.swift in Sources */ = {isa = PBXBuildFile; fileRef = OBJ_32 /* MultiplexAnyAnalyticsHandler.swift */; };
		OBJ_85 /* AnalyticsExpectation.swift in Sources */ = {isa = PBXBuildFile; fileRef = OBJ_34 /* AnalyticsExpectation.swift */; };
		OBJ_86 /* AnalyticsExpectationHandler.swift in Sources */ = {isa = PBXBuildFile; fileRef = OBJ_35 /* AnalyticsExpectationHandler.swift */; };
		OBJ_87 /* AnalyticsOrderedExpectationHandler.swift in Sources */ = {isa = PBXBuildFile; fileRef = OBJ_36 /* AnalyticsOrderedExpectationHandler.swift */; };
		OBJ_88 /* AnalyticsSingleExpectationHandler.swift in Sources */ = {isa = PBXBuildFile; fileRef = OBJ_37 /* AnalyticsSingleExpectationHandler.swift */; };
		OBJ_89 /* StandardDictionaryEncoder.swift in Sources */ = {isa = PBXBuildFile; fileRef = OBJ_38 /* StandardDictionaryEncoder.swift */; };
		OBJ_91 /* Analytics.framework in Frameworks */ = {isa = PBXBuildFile; fileRef = swiftanalyticskit::Analytics::Product /* Analytics.framework */; };
		OBJ_98 /* AnalyticsEventTests.swift in Sources */ = {isa = PBXBuildFile; fileRef = OBJ_41 /* AnalyticsEventTests.swift */; };
		OBJ_99 /* AnalyticsOrderedExpectationHandlerTests.swift in Sources */ = {isa = PBXBuildFile; fileRef = OBJ_42 /* AnalyticsOrderedExpectationHandlerTests.swift */; };
/* End PBXBuildFile section */

/* Begin PBXFileReference section */
		15D0EACAB3A8E6677F281D1E /* Analytics.docc */ = {isa = PBXFileReference; includeInIndex = 1; path = Analytics.docc; sourceTree = "<group>"; };
		C1D785EDA64E8EB58D5485F5 /* AnalyticsMock.docc */ = {isa = PBXFileReference; includeInIndex = 1; path = AnalyticsMock.docc; sourceTree = "<group>"; };
		OBJ_12 /* AnalyticsEvent.swift */ = {isa = PBXFileReference; path = AnalyticsEvent.swift; sourceTree = "<group>"; };
		OBJ_13 /* AnyAnalyticsEvent.swift */ = {isa = PBXFileReference; path = AnyAnalyticsEvent.swift; sourceTree = "<group>"; };
		OBJ_15 /* AnalyticsMetadata.swift */ = {isa = PBXFileReference; path = AnalyticsMetadata.swift; sourceTree = "<group>"; };
		OBJ_16 /* AnyMetadata.swift */ = {isa = PBXFileReference; path = AnyMetadata.swift; sourceTree = "<group>"; };
		OBJ_17 /* EmptyMetadata.swift */ = {isa = PBXFileReference; path = EmptyMetadata.swift; sourceTree = "<group>"; };
		OBJ_18 /* GlobalAnalyticsMetadata.swift */ = {isa = PBXFileReference; path = GlobalAnalyticsMetadata.swift; sourceTree = "<group>"; };
		OBJ_19 /* Initializable.swift */ = {isa = PBXFileReference; path = Initializable.swift; sourceTree = "<group>"; };
		OBJ_21 /* AnalyticsConfiguration.swift */ = {isa = PBXFileReference; path = AnalyticsConfiguration.swift; sourceTree = "<group>"; };
		OBJ_22 /* AnalyticsGroup.swift */ = {isa = PBXFileReference; path = AnalyticsGroup.swift; sourceTree = "<group>"; };
		OBJ_23 /* RawAnalyticsEvent.swift */ = {isa = PBXFileReference; path = RawAnalyticsEvent.swift; sourceTree = "<group>"; };
		OBJ_24 /* SomeAnalyticsEvent.swift */ = {isa = PBXFileReference; path = SomeAnalyticsEvent.swift; sourceTree = "<group>"; };
		OBJ_26 /* AnalyticsEncoder.swift */ = {isa = PBXFileReference; path = AnalyticsEncoder.swift; sourceTree = "<group>"; };
		OBJ_27 /* AnalyticsHandler.swift */ = {isa = PBXFileReference; path = AnalyticsHandler.swift; sourceTree = "<group>"; };
		OBJ_28 /* AnyAnalyticsEventHandler.swift */ = {isa = PBXFileReference; path = AnyAnalyticsEventHandler.swift; sourceTree = "<group>"; };
		OBJ_29 /* AnyAnalyticsHandler.swift */ = {isa = PBXFileReference; path = AnyAnalyticsHandler.swift; sourceTree = "<group>"; };
		OBJ_30 /* AnyHashableAnalyticsHandler.swift */ = {isa = PBXFileReference; path = AnyHashableAnalyticsHandler.swift; sourceTree = "<group>"; };
		OBJ_31 /* MultiplexAnalyticsHandler.swift */ = {isa = PBXFileReference; path = MultiplexAnalyticsHandler.swift; sourceTree = "<group>"; };
		OBJ_32 /* MultiplexAnyAnalyticsHandler.swift */ = {isa = PBXFileReference; path = MultiplexAnyAnalyticsHandler.swift; sourceTree = "<group>"; };
		OBJ_34 /* AnalyticsExpectation.swift */ = {isa = PBXFileReference; path = AnalyticsExpectation.swift; sourceTree = "<group>"; };
		OBJ_35 /* AnalyticsExpectationHandler.swift */ = {isa = PBXFileReference; path = AnalyticsExpectationHandler.swift; sourceTree = "<group>"; };
		OBJ_36 /* AnalyticsOrderedExpectationHandler.swift */ = {isa = PBXFileReference; path = AnalyticsOrderedExpectationHandler.swift; sourceTree = "<group>"; };
		OBJ_37 /* AnalyticsSingleExpectationHandler.swift */ = {isa = PBXFileReference; path = AnalyticsSingleExpectationHandler.swift; sourceTree = "<group>"; };
		OBJ_38 /* StandardDictionaryEncoder.swift */ = {isa = PBXFileReference; path = StandardDictionaryEncoder.swift; sourceTree = "<group>"; };
		OBJ_41 /* AnalyticsEventTests.swift */ = {isa = PBXFileReference; path = AnalyticsEventTests.swift; sourceTree = "<group>"; };
		OBJ_42 /* AnalyticsOrderedExpectationHandlerTests.swift */ = {isa = PBXFileReference; path = AnalyticsOrderedExpectationHandlerTests.swift; sourceTree = "<group>"; };
		OBJ_43 /* AnalyticsSingleExpectationHandlerTests.swift */ = {isa = PBXFileReference; path = AnalyticsSingleExpectationHandlerTests.swift; sourceTree = "<group>"; };
		OBJ_44 /* AnyAnalyticsEventTests.swift */ = {isa = PBXFileReference; path = AnyAnalyticsEventTests.swift; sourceTree = "<group>"; };
		OBJ_45 /* AnyAnalyticsHandlerTests.swift */ = {isa = PBXFileReference; path = AnyAnalyticsHandlerTests.swift; sourceTree = "<group>"; };
		OBJ_46 /* MultiplexAnalyticsHandlerTests.swift */ = {isa = PBXFileReference; path = MultiplexAnalyticsHandlerTests.swift; sourceTree = "<group>"; };
		OBJ_47 /* MultiplexAnyAnalyticsHandlerTests.swift */ = {isa = PBXFileReference; path = MultiplexAnyAnalyticsHandlerTests.swift; sourceTree = "<group>"; };
		OBJ_48 /* SomeAnalyticsEventTests.swift */ = {isa = PBXFileReference; path = SomeAnalyticsEventTests.swift; sourceTree = "<group>"; };
		OBJ_49 /* StandardDictionaryEncoderTests.swift */ = {isa = PBXFileReference; path = StandardDictionaryEncoderTests.swift; sourceTree = "<group>"; };
		OBJ_50 /* StandardEvents.swift */ = {isa = PBXFileReference; path = StandardEvents.swift; sourceTree = "<group>"; };
		OBJ_6 /* Package.swift */ = {isa = PBXFileReference; explicitFileType = sourcecode.swift; path = Package.swift; sourceTree = "<group>"; };
		OBJ_8 /* SwiftAnalyticsKit.xcconfig */ = {isa = PBXFileReference; name = SwiftAnalyticsKit.xcconfig; path = Helpers/SwiftAnalyticsKit.xcconfig; sourceTree = "<group>"; };
		swiftanalyticskit::Analytics::Product /* Analytics.framework */ = {isa = PBXFileReference; path = Analytics.framework; sourceTree = BUILT_PRODUCTS_DIR; };
		swiftanalyticskit::AnalyticsMock::Product /* AnalyticsMock.framework */ = {isa = PBXFileReference; path = AnalyticsMock.framework; sourceTree = BUILT_PRODUCTS_DIR; };
		swiftanalyticskit::AnalyticsTests::Product /* AnalyticsTests.xctest */ = {isa = PBXFileReference; path = AnalyticsTests.xctest; sourceTree = BUILT_PRODUCTS_DIR; };
/* End PBXFileReference section */

/* Begin PBXFrameworksBuildPhase section */
		OBJ_108 /* Frameworks */ = {
			isa = PBXFrameworksBuildPhase;
			files = (
				OBJ_109 /* AnalyticsMock.framework in Frameworks */,
				OBJ_110 /* Analytics.framework in Frameworks */,
			);
		};
		OBJ_79 /* Frameworks */ = {
			isa = PBXFrameworksBuildPhase;
			files = (
			);
		};
		OBJ_90 /* Frameworks */ = {
			isa = PBXFrameworksBuildPhase;
			files = (
				OBJ_91 /* Analytics.framework in Frameworks */,
			);
		};
/* End PBXFrameworksBuildPhase section */

/* Begin PBXGroup section */
		OBJ_10 /* Analytics */ = {
			isa = PBXGroup;
			children = (
				OBJ_11 /* AnalyticsEvent */,
				OBJ_25 /* AnalyticsHandler */,
				15D0EACAB3A8E6677F281D1E /* Analytics.docc */,
			);
			name = Analytics;
			path = Sources/Analytics;
			sourceTree = SOURCE_ROOT;
		};
		OBJ_11 /* AnalyticsEvent */ = {
			isa = PBXGroup;
			children = (
				OBJ_12 /* AnalyticsEvent.swift */,
				OBJ_13 /* AnyAnalyticsEvent.swift */,
				OBJ_14 /* Metadata */,
				OBJ_20 /* Properties */,
				OBJ_23 /* RawAnalyticsEvent.swift */,
				OBJ_24 /* SomeAnalyticsEvent.swift */,
			);
			name = AnalyticsEvent;
			path = AnalyticsEvent;
			sourceTree = "<group>";
		};
		OBJ_14 /* Metadata */ = {
			isa = PBXGroup;
			children = (
				OBJ_15 /* AnalyticsMetadata.swift */,
				OBJ_16 /* AnyMetadata.swift */,
				OBJ_17 /* EmptyMetadata.swift */,
				OBJ_18 /* GlobalAnalyticsMetadata.swift */,
				OBJ_19 /* Initializable.swift */,
			);
			name = Metadata;
			path = Metadata;
			sourceTree = "<group>";
		};
		OBJ_20 /* Properties */ = {
			isa = PBXGroup;
			children = (
				OBJ_21 /* AnalyticsConfiguration.swift */,
				OBJ_22 /* AnalyticsGroup.swift */,
			);
			name = Properties;
			path = Properties;
			sourceTree = "<group>";
		};
		OBJ_25 /* AnalyticsHandler */ = {
			isa = PBXGroup;
			children = (
				OBJ_26 /* AnalyticsEncoder.swift */,
				OBJ_27 /* AnalyticsHandler.swift */,
				OBJ_28 /* AnyAnalyticsEventHandler.swift */,
				OBJ_29 /* AnyAnalyticsHandler.swift */,
				OBJ_30 /* AnyHashableAnalyticsHandler.swift */,
				OBJ_31 /* MultiplexAnalyticsHandler.swift */,
				OBJ_32 /* MultiplexAnyAnalyticsHandler.swift */,
			);
			name = AnalyticsHandler;
			path = AnalyticsHandler;
			sourceTree = "<group>";
		};
		OBJ_33 /* AnalyticsMock */ = {
			isa = PBXGroup;
			children = (
				OBJ_34 /* AnalyticsExpectation.swift */,
				OBJ_35 /* AnalyticsExpectationHandler.swift */,
				OBJ_36 /* AnalyticsOrderedExpectationHandler.swift */,
				OBJ_37 /* AnalyticsSingleExpectationHandler.swift */,
				OBJ_38 /* StandardDictionaryEncoder.swift */,
				C1D785EDA64E8EB58D5485F5 /* AnalyticsMock.docc */,
			);
			name = AnalyticsMock;
			path = Sources/AnalyticsMock;
			sourceTree = SOURCE_ROOT;
		};
		OBJ_39 /* Tests */ = {
			isa = PBXGroup;
			children = (
				OBJ_40 /* AnalyticsTests */,
			);
			name = Tests;
			path = "";
			sourceTree = SOURCE_ROOT;
		};
		OBJ_40 /* AnalyticsTests */ = {
			isa = PBXGroup;
			children = (
				OBJ_41 /* AnalyticsEventTests.swift */,
				OBJ_42 /* AnalyticsOrderedExpectationHandlerTests.swift */,
				OBJ_43 /* AnalyticsSingleExpectationHandlerTests.swift */,
				OBJ_44 /* AnyAnalyticsEventTests.swift */,
				OBJ_45 /* AnyAnalyticsHandlerTests.swift */,
				OBJ_46 /* MultiplexAnalyticsHandlerTests.swift */,
				OBJ_47 /* MultiplexAnyAnalyticsHandlerTests.swift */,
				OBJ_48 /* SomeAnalyticsEventTests.swift */,
				OBJ_49 /* StandardDictionaryEncoderTests.swift */,
				OBJ_50 /* StandardEvents.swift */,
			);
			name = AnalyticsTests;
			path = Tests/AnalyticsTests;
			sourceTree = SOURCE_ROOT;
		};
		OBJ_5 = {
			isa = PBXGroup;
			children = (
				OBJ_6 /* Package.swift */,
				OBJ_7 /* Configs */,
				OBJ_9 /* Sources */,
				OBJ_39 /* Tests */,
				OBJ_51 /* Dependencies */,
				OBJ_52 /* Products */,
			);
			path = "";
			sourceTree = "<group>";
		};
		OBJ_51 /* Dependencies */ = {
			isa = PBXGroup;
			children = (
			);
			name = Dependencies;
			path = "";
			sourceTree = "<group>";
		};
		OBJ_52 /* Products */ = {
			isa = PBXGroup;
			children = (
				swiftanalyticskit::Analytics::Product /* Analytics.framework */,
				swiftanalyticskit::AnalyticsMock::Product /* AnalyticsMock.framework */,
				swiftanalyticskit::AnalyticsTests::Product /* AnalyticsTests.xctest */,
			);
			name = Products;
			path = "";
			sourceTree = BUILT_PRODUCTS_DIR;
		};
		OBJ_7 /* Configs */ = {
			isa = PBXGroup;
			children = (
				OBJ_8 /* SwiftAnalyticsKit.xcconfig */,
			);
			name = Configs;
			path = "";
			sourceTree = "<group>";
		};
		OBJ_9 /* Sources */ = {
			isa = PBXGroup;
			children = (
				OBJ_10 /* Analytics */,
				OBJ_33 /* AnalyticsMock */,
			);
			name = Sources;
			path = "";
			sourceTree = SOURCE_ROOT;
		};
/* End PBXGroup section */

/* Begin PBXNativeTarget section */
		swiftanalyticskit::Analytics /* Analytics */ = {
			isa = PBXNativeTarget;
			buildConfigurationList = OBJ_57 /* Build configuration list for PBXNativeTarget "Analytics" */;
			buildPhases = (
				OBJ_60 /* Sources */,
				OBJ_79 /* Frameworks */,
			);
			buildRules = (
			);
			dependencies = (
			);
			name = Analytics;
			productName = Analytics;
			productReference = swiftanalyticskit::Analytics::Product /* Analytics.framework */;
			productType = "com.apple.product-type.framework";
		};
		swiftanalyticskit::AnalyticsMock /* AnalyticsMock */ = {
			isa = PBXNativeTarget;
			buildConfigurationList = OBJ_81 /* Build configuration list for PBXNativeTarget "AnalyticsMock" */;
			buildPhases = (
				OBJ_84 /* Sources */,
				OBJ_90 /* Frameworks */,
			);
			buildRules = (
			);
			dependencies = (
				OBJ_92 /* PBXTargetDependency */,
			);
			name = AnalyticsMock;
			productName = AnalyticsMock;
			productReference = swiftanalyticskit::AnalyticsMock::Product /* AnalyticsMock.framework */;
			productType = "com.apple.product-type.framework";
		};
		swiftanalyticskit::AnalyticsTests /* AnalyticsTests */ = {
			isa = PBXNativeTarget;
			buildConfigurationList = OBJ_94 /* Build configuration list for PBXNativeTarget "AnalyticsTests" */;
			buildPhases = (
				OBJ_97 /* Sources */,
				OBJ_108 /* Frameworks */,
			);
			buildRules = (
			);
			dependencies = (
				OBJ_111 /* PBXTargetDependency */,
				OBJ_112 /* PBXTargetDependency */,
			);
			name = AnalyticsTests;
			productName = AnalyticsTests;
			productReference = swiftanalyticskit::AnalyticsTests::Product /* AnalyticsTests.xctest */;
			productType = "com.apple.product-type.bundle.unit-test";
		};
		swiftanalyticskit::SwiftPMPackageDescription /* SwiftAnalyticsKitPackageDescription */ = {
			isa = PBXNativeTarget;
			buildConfigurationList = OBJ_114 /* Build configuration list for PBXNativeTarget "SwiftAnalyticsKitPackageDescription" */;
			buildPhases = (
				OBJ_117 /* Sources */,
			);
			buildRules = (
			);
			dependencies = (
			);
			name = SwiftAnalyticsKitPackageDescription;
			productName = SwiftAnalyticsKitPackageDescription;
			productType = "com.apple.product-type.framework";
		};
/* End PBXNativeTarget section */

/* Begin PBXProject section */
		OBJ_1 /* Project object */ = {
			isa = PBXProject;
			attributes = {
				LastSwiftMigration = 9999;
				LastUpgradeCheck = 9999;
			};
			buildConfigurationList = OBJ_2 /* Build configuration list for PBXProject "SwiftAnalyticsKit" */;
			compatibilityVersion = "Xcode 3.2";
			developmentRegion = en;
			hasScannedForEncodings = 0;
			knownRegions = (
				en,
			);
			mainGroup = OBJ_5;
			productRefGroup = OBJ_52 /* Products */;
			projectDirPath = .;
			targets = (
				swiftanalyticskit::Analytics /* Analytics */,
				swiftanalyticskit::AnalyticsMock /* AnalyticsMock */,
				swiftanalyticskit::AnalyticsTests /* AnalyticsTests */,
				swiftanalyticskit::SwiftPMPackageDescription /* SwiftAnalyticsKitPackageDescription */,
				swiftanalyticskit::SwiftAnalyticsKitPackageTests::ProductTarget /* SwiftAnalyticsKitPackageTests */,
			);
		};
/* End PBXProject section */

/* Begin PBXSourcesBuildPhase section */
		OBJ_117 /* Sources */ = {
			isa = PBXSourcesBuildPhase;
			files = (
				OBJ_118 /* Package.swift in Sources */,
			);
		};
		OBJ_60 /* Sources */ = {
			isa = PBXSourcesBuildPhase;
			files = (
				OBJ_61 /* AnalyticsEvent.swift in Sources */,
				OBJ_62 /* AnyAnalyticsEvent.swift in Sources */,
				OBJ_63 /* AnalyticsMetadata.swift in Sources */,
				OBJ_64 /* AnyMetadata.swift in Sources */,
				OBJ_65 /* EmptyMetadata.swift in Sources */,
				OBJ_66 /* GlobalAnalyticsMetadata.swift in Sources */,
				OBJ_67 /* Initializable.swift in Sources */,
				OBJ_68 /* AnalyticsConfiguration.swift in Sources */,
				OBJ_69 /* AnalyticsGroup.swift in Sources */,
				OBJ_70 /* RawAnalyticsEvent.swift in Sources */,
				OBJ_71 /* SomeAnalyticsEvent.swift in Sources */,
				OBJ_72 /* AnalyticsEncoder.swift in Sources */,
				OBJ_73 /* AnalyticsHandler.swift in Sources */,
				OBJ_74 /* AnyAnalyticsEventHandler.swift in Sources */,
				OBJ_75 /* AnyAnalyticsHandler.swift in Sources */,
				OBJ_76 /* AnyHashableAnalyticsHandler.swift in Sources */,
				OBJ_77 /* MultiplexAnalyticsHandler.swift in Sources */,
				OBJ_78 /* MultiplexAnyAnalyticsHandler.swift in Sources */,
				8B0DE71EDC5A982D744C371E /* Analytics.docc in Sources */,
			);
		};
		OBJ_84 /* Sources */ = {
			isa = PBXSourcesBuildPhase;
			files = (
				OBJ_85 /* AnalyticsExpectation.swift in Sources */,
				OBJ_86 /* AnalyticsExpectationHandler.swift in Sources */,
				OBJ_87 /* AnalyticsOrderedExpectationHandler.swift in Sources */,
				OBJ_88 /* AnalyticsSingleExpectationHandler.swift in Sources */,
				OBJ_89 /* StandardDictionaryEncoder.swift in Sources */,
				C58BA2A0E305F74B96259801 /* AnalyticsMock.docc in Sources */,
			);
		};
		OBJ_97 /* Sources */ = {
			isa = PBXSourcesBuildPhase;
			files = (
				OBJ_98 /* AnalyticsEventTests.swift in Sources */,
				OBJ_99 /* AnalyticsOrderedExpectationHandlerTests.swift in Sources */,
				OBJ_100 /* AnalyticsSingleExpectationHandlerTests.swift in Sources */,
				OBJ_101 /* AnyAnalyticsEventTests.swift in Sources */,
				OBJ_102 /* AnyAnalyticsHandlerTests.swift in Sources */,
				OBJ_103 /* MultiplexAnalyticsHandlerTests.swift in Sources */,
				OBJ_104 /* MultiplexAnyAnalyticsHandlerTests.swift in Sources */,
				OBJ_105 /* SomeAnalyticsEventTests.swift in Sources */,
				OBJ_106 /* StandardDictionaryEncoderTests.swift in Sources */,
				OBJ_107 /* StandardEvents.swift in Sources */,
			);
		};
/* End PBXSourcesBuildPhase section */

/* Begin PBXTargetDependency section */
		OBJ_111 /* PBXTargetDependency */ = {
			isa = PBXTargetDependency;
			target = swiftanalyticskit::AnalyticsMock /* AnalyticsMock */;
		};
		OBJ_112 /* PBXTargetDependency */ = {
			isa = PBXTargetDependency;
			target = swiftanalyticskit::Analytics /* Analytics */;
		};
		OBJ_123 /* PBXTargetDependency */ = {
			isa = PBXTargetDependency;
			target = swiftanalyticskit::AnalyticsTests /* AnalyticsTests */;
		};
		OBJ_92 /* PBXTargetDependency */ = {
			isa = PBXTargetDependency;
			target = swiftanalyticskit::Analytics /* Analytics */;
		};
/* End PBXTargetDependency section */

/* Begin XCBuildConfiguration section */
		OBJ_115 /* Debug */ = {
			isa = XCBuildConfiguration;
			buildSettings = {
				LD = /usr/bin/true;
				OTHER_SWIFT_FLAGS = "-swift-version 5 -I $(TOOLCHAIN_DIR)/usr/lib/swift/pm/ManifestAPI -package-description-version 5.6.0";
				SWIFT_VERSION = 5.0;
			};
			name = Debug;
		};
		OBJ_116 /* Release */ = {
			isa = XCBuildConfiguration;
			buildSettings = {
				LD = /usr/bin/true;
				OTHER_SWIFT_FLAGS = "-swift-version 5 -I $(TOOLCHAIN_DIR)/usr/lib/swift/pm/ManifestAPI -package-description-version 5.6.0";
				SWIFT_VERSION = 5.0;
			};
			name = Release;
		};
		OBJ_121 /* Debug */ = {
			isa = XCBuildConfiguration;
			buildSettings = {
			};
			name = Debug;
		};
		OBJ_122 /* Release */ = {
			isa = XCBuildConfiguration;
			buildSettings = {
			};
			name = Release;
		};
		OBJ_3 /* Debug */ = {
			isa = XCBuildConfiguration;
			buildSettings = {
				CLANG_ENABLE_OBJC_ARC = YES;
				COMBINE_HIDPI_IMAGES = YES;
				COPY_PHASE_STRIP = NO;
				DEBUG_INFORMATION_FORMAT = dwarf;
				DYLIB_INSTALL_NAME_BASE = "@rpath";
				ENABLE_NS_ASSERTIONS = YES;
				GCC_OPTIMIZATION_LEVEL = 0;
				GCC_PREPROCESSOR_DEFINITIONS = (
					"$(inherited)",
					"SWIFT_PACKAGE=1",
					"DEBUG=1",
				);
				MACOSX_DEPLOYMENT_TARGET = 10.10;
				ONLY_ACTIVE_ARCH = YES;
				OTHER_SWIFT_FLAGS = "$(inherited) -DXcode";
				PRODUCT_NAME = "$(TARGET_NAME)";
				SDKROOT = macosx;
				SUPPORTED_PLATFORMS = "$(AVAILABLE_PLATFORMS)";
				SUPPORTS_MACCATALYST = YES;
				SWIFT_ACTIVE_COMPILATION_CONDITIONS = "$(inherited) SWIFT_PACKAGE DEBUG";
				SWIFT_OPTIMIZATION_LEVEL = "-Onone";
				USE_HEADERMAP = NO;
			};
			name = Debug;
		};
		OBJ_4 /* Release */ = {
			isa = XCBuildConfiguration;
			buildSettings = {
				CLANG_ENABLE_OBJC_ARC = YES;
				COMBINE_HIDPI_IMAGES = YES;
				COPY_PHASE_STRIP = YES;
				DEBUG_INFORMATION_FORMAT = "dwarf-with-dsym";
				DYLIB_INSTALL_NAME_BASE = "@rpath";
				GCC_OPTIMIZATION_LEVEL = s;
				GCC_PREPROCESSOR_DEFINITIONS = (
					"$(inherited)",
					"SWIFT_PACKAGE=1",
				);
				MACOSX_DEPLOYMENT_TARGET = 10.10;
				OTHER_SWIFT_FLAGS = "$(inherited) -DXcode";
				PRODUCT_NAME = "$(TARGET_NAME)";
				SDKROOT = macosx;
				SUPPORTED_PLATFORMS = "$(AVAILABLE_PLATFORMS)";
				SUPPORTS_MACCATALYST = YES;
				SWIFT_ACTIVE_COMPILATION_CONDITIONS = "$(inherited) SWIFT_PACKAGE";
				SWIFT_OPTIMIZATION_LEVEL = "-Owholemodule";
				USE_HEADERMAP = NO;
			};
			name = Release;
		};
		OBJ_58 /* Debug */ = {
			isa = XCBuildConfiguration;
			baseConfigurationReference = OBJ_8 /* SwiftAnalyticsKit.xcconfig */;
			buildSettings = {
				CURRENT_PROJECT_VERSION = 1;
				DRIVERKIT_DEPLOYMENT_TARGET = 19.0;
				ENABLE_TESTABILITY = YES;
				FRAMEWORK_SEARCH_PATHS = (
					"$(inherited)",
					"$(PLATFORM_DIR)/Developer/Library/Frameworks",
				);
				HEADER_SEARCH_PATHS = "$(inherited)";
				INFOPLIST_FILE = SwiftAnalyticsKit.xcodeproj/Analytics_Info.plist;
				IPHONEOS_DEPLOYMENT_TARGET = 11.0;
				LD_RUNPATH_SEARCH_PATHS = "$(inherited) $(TOOLCHAIN_DIR)/usr/lib/swift/macosx";
				MACOSX_DEPLOYMENT_TARGET = 10.13;
				OTHER_CFLAGS = "$(inherited)";
				OTHER_LDFLAGS = "$(inherited)";
				OTHER_SWIFT_FLAGS = "$(inherited)";
				PRODUCT_BUNDLE_IDENTIFIER = Analytics;
				PRODUCT_MODULE_NAME = "$(TARGET_NAME:c99extidentifier)";
				PRODUCT_NAME = "$(TARGET_NAME:c99extidentifier)";
				SKIP_INSTALL = YES;
				SWIFT_ACTIVE_COMPILATION_CONDITIONS = "$(inherited)";
				SWIFT_VERSION = 5.0;
				TARGET_NAME = Analytics;
				TVOS_DEPLOYMENT_TARGET = 11.0;
				WATCHOS_DEPLOYMENT_TARGET = 4.0;
			};
			name = Debug;
		};
		OBJ_59 /* Release */ = {
			isa = XCBuildConfiguration;
			baseConfigurationReference = OBJ_8 /* SwiftAnalyticsKit.xcconfig */;
			buildSettings = {
				CURRENT_PROJECT_VERSION = 1;
				DRIVERKIT_DEPLOYMENT_TARGET = 19.0;
				ENABLE_TESTABILITY = YES;
				FRAMEWORK_SEARCH_PATHS = (
					"$(inherited)",
					"$(PLATFORM_DIR)/Developer/Library/Frameworks",
				);
				HEADER_SEARCH_PATHS = "$(inherited)";
				INFOPLIST_FILE = SwiftAnalyticsKit.xcodeproj/Analytics_Info.plist;
				IPHONEOS_DEPLOYMENT_TARGET = 11.0;
				LD_RUNPATH_SEARCH_PATHS = "$(inherited) $(TOOLCHAIN_DIR)/usr/lib/swift/macosx";
				MACOSX_DEPLOYMENT_TARGET = 10.13;
				OTHER_CFLAGS = "$(inherited)";
				OTHER_LDFLAGS = "$(inherited)";
				OTHER_SWIFT_FLAGS = "$(inherited)";
				PRODUCT_BUNDLE_IDENTIFIER = Analytics;
				PRODUCT_MODULE_NAME = "$(TARGET_NAME:c99extidentifier)";
				PRODUCT_NAME = "$(TARGET_NAME:c99extidentifier)";
				SKIP_INSTALL = YES;
				SWIFT_ACTIVE_COMPILATION_CONDITIONS = "$(inherited)";
				SWIFT_VERSION = 5.0;
				TARGET_NAME = Analytics;
				TVOS_DEPLOYMENT_TARGET = 11.0;
				WATCHOS_DEPLOYMENT_TARGET = 4.0;
			};
			name = Release;
		};
		OBJ_82 /* Debug */ = {
			isa = XCBuildConfiguration;
			baseConfigurationReference = OBJ_8 /* SwiftAnalyticsKit.xcconfig */;
			buildSettings = {
				CURRENT_PROJECT_VERSION = 1;
				DRIVERKIT_DEPLOYMENT_TARGET = 19.0;
				ENABLE_TESTABILITY = YES;
				FRAMEWORK_SEARCH_PATHS = (
					"$(inherited)",
					"$(PLATFORM_DIR)/Developer/Library/Frameworks",
				);
				HEADER_SEARCH_PATHS = "$(inherited)";
				INFOPLIST_FILE = SwiftAnalyticsKit.xcodeproj/AnalyticsMock_Info.plist;
				IPHONEOS_DEPLOYMENT_TARGET = 11.0;
				LD_RUNPATH_SEARCH_PATHS = "$(inherited) $(TOOLCHAIN_DIR)/usr/lib/swift/macosx";
				MACOSX_DEPLOYMENT_TARGET = 10.13;
				OTHER_CFLAGS = "$(inherited)";
				OTHER_LDFLAGS = (
					"$(inherited)",
					"-framework",
					XCTest,
				);
				OTHER_SWIFT_FLAGS = "$(inherited)";
				PRODUCT_BUNDLE_IDENTIFIER = AnalyticsMock;
				PRODUCT_MODULE_NAME = "$(TARGET_NAME:c99extidentifier)";
				PRODUCT_NAME = "$(TARGET_NAME:c99extidentifier)";
				SKIP_INSTALL = YES;
				SWIFT_ACTIVE_COMPILATION_CONDITIONS = "$(inherited)";
				SWIFT_VERSION = 5.0;
				TARGET_NAME = AnalyticsMock;
				TVOS_DEPLOYMENT_TARGET = 11.0;
				WATCHOS_DEPLOYMENT_TARGET = 4.0;
			};
			name = Debug;
		};
		OBJ_83 /* Release */ = {
			isa = XCBuildConfiguration;
			baseConfigurationReference = OBJ_8 /* SwiftAnalyticsKit.xcconfig */;
			buildSettings = {
				CURRENT_PROJECT_VERSION = 1;
				DRIVERKIT_DEPLOYMENT_TARGET = 19.0;
				ENABLE_TESTABILITY = YES;
				FRAMEWORK_SEARCH_PATHS = (
					"$(inherited)",
					"$(PLATFORM_DIR)/Developer/Library/Frameworks",
				);
				HEADER_SEARCH_PATHS = "$(inherited)";
				INFOPLIST_FILE = SwiftAnalyticsKit.xcodeproj/AnalyticsMock_Info.plist;
				IPHONEOS_DEPLOYMENT_TARGET = 11.0;
				LD_RUNPATH_SEARCH_PATHS = "$(inherited) $(TOOLCHAIN_DIR)/usr/lib/swift/macosx";
				MACOSX_DEPLOYMENT_TARGET = 10.13;
				OTHER_CFLAGS = "$(inherited)";
				OTHER_LDFLAGS = (
					"$(inherited)",
					"-framework",
					XCTest,
				);
				OTHER_SWIFT_FLAGS = "$(inherited)";
				PRODUCT_BUNDLE_IDENTIFIER = AnalyticsMock;
				PRODUCT_MODULE_NAME = "$(TARGET_NAME:c99extidentifier)";
				PRODUCT_NAME = "$(TARGET_NAME:c99extidentifier)";
				SKIP_INSTALL = YES;
				SWIFT_ACTIVE_COMPILATION_CONDITIONS = "$(inherited)";
				SWIFT_VERSION = 5.0;
				TARGET_NAME = AnalyticsMock;
				TVOS_DEPLOYMENT_TARGET = 11.0;
				WATCHOS_DEPLOYMENT_TARGET = 4.0;
			};
			name = Release;
		};
		OBJ_95 /* Debug */ = {
			isa = XCBuildConfiguration;
			baseConfigurationReference = OBJ_8 /* SwiftAnalyticsKit.xcconfig */;
			buildSettings = {
				CLANG_ENABLE_MODULES = YES;
				CURRENT_PROJECT_VERSION = 1;
				DRIVERKIT_DEPLOYMENT_TARGET = 19.0;
				EMBEDDED_CONTENT_CONTAINS_SWIFT = YES;
				FRAMEWORK_SEARCH_PATHS = (
					"$(inherited)",
					"$(PLATFORM_DIR)/Developer/Library/Frameworks",
				);
				HEADER_SEARCH_PATHS = "$(inherited)";
				INFOPLIST_FILE = SwiftAnalyticsKit.xcodeproj/AnalyticsTests_Info.plist;
				IPHONEOS_DEPLOYMENT_TARGET = 11.0;
				LD_RUNPATH_SEARCH_PATHS = "$(inherited) @loader_path/../Frameworks @loader_path/Frameworks";
				MACOSX_DEPLOYMENT_TARGET = 10.13;
				OTHER_CFLAGS = "$(inherited)";
				OTHER_LDFLAGS = "$(inherited)";
				OTHER_SWIFT_FLAGS = "$(inherited)";
				SWIFT_ACTIVE_COMPILATION_CONDITIONS = "$(inherited)";
				SWIFT_VERSION = 5.0;
				TARGET_NAME = AnalyticsTests;
				TVOS_DEPLOYMENT_TARGET = 11.0;
				WATCHOS_DEPLOYMENT_TARGET = 4.0;
			};
			name = Debug;
		};
		OBJ_96 /* Release */ = {
			isa = XCBuildConfiguration;
			baseConfigurationReference = OBJ_8 /* SwiftAnalyticsKit.xcconfig */;
			buildSettings = {
				CLANG_ENABLE_MODULES = YES;
				CURRENT_PROJECT_VERSION = 1;
				DRIVERKIT_DEPLOYMENT_TARGET = 19.0;
				EMBEDDED_CONTENT_CONTAINS_SWIFT = YES;
				FRAMEWORK_SEARCH_PATHS = (
					"$(inherited)",
					"$(PLATFORM_DIR)/Developer/Library/Frameworks",
				);
				HEADER_SEARCH_PATHS = "$(inherited)";
				INFOPLIST_FILE = SwiftAnalyticsKit.xcodeproj/AnalyticsTests_Info.plist;
				IPHONEOS_DEPLOYMENT_TARGET = 11.0;
				LD_RUNPATH_SEARCH_PATHS = "$(inherited) @loader_path/../Frameworks @loader_path/Frameworks";
				MACOSX_DEPLOYMENT_TARGET = 10.13;
				OTHER_CFLAGS = "$(inherited)";
				OTHER_LDFLAGS = "$(inherited)";
				OTHER_SWIFT_FLAGS = "$(inherited)";
				SWIFT_ACTIVE_COMPILATION_CONDITIONS = "$(inherited)";
				SWIFT_VERSION = 5.0;
				TARGET_NAME = AnalyticsTests;
				TVOS_DEPLOYMENT_TARGET = 11.0;
				WATCHOS_DEPLOYMENT_TARGET = 4.0;
			};
			name = Release;
		};
/* End XCBuildConfiguration section */

/* Begin XCConfigurationList section */
		OBJ_114 /* Build configuration list for PBXNativeTarget "SwiftAnalyticsKitPackageDescription" */ = {
			isa = XCConfigurationList;
			buildConfigurations = (
				OBJ_115 /* Debug */,
				OBJ_116 /* Release */,
			);
			defaultConfigurationIsVisible = 0;
			defaultConfigurationName = Release;
		};
		OBJ_120 /* Build configuration list for PBXAggregateTarget "SwiftAnalyticsKitPackageTests" */ = {
			isa = XCConfigurationList;
			buildConfigurations = (
				OBJ_121 /* Debug */,
				OBJ_122 /* Release */,
			);
			defaultConfigurationIsVisible = 0;
			defaultConfigurationName = Release;
		};
		OBJ_2 /* Build configuration list for PBXProject "SwiftAnalyticsKit" */ = {
			isa = XCConfigurationList;
			buildConfigurations = (
				OBJ_3 /* Debug */,
				OBJ_4 /* Release */,
			);
			defaultConfigurationIsVisible = 0;
			defaultConfigurationName = Release;
		};
		OBJ_57 /* Build configuration list for PBXNativeTarget "Analytics" */ = {
			isa = XCConfigurationList;
			buildConfigurations = (
				OBJ_58 /* Debug */,
				OBJ_59 /* Release */,
			);
			defaultConfigurationIsVisible = 0;
			defaultConfigurationName = Release;
		};
		OBJ_81 /* Build configuration list for PBXNativeTarget "AnalyticsMock" */ = {
			isa = XCConfigurationList;
			buildConfigurations = (
				OBJ_82 /* Debug */,
				OBJ_83 /* Release */,
			);
			defaultConfigurationIsVisible = 0;
			defaultConfigurationName = Release;
		};
		OBJ_94 /* Build configuration list for PBXNativeTarget "AnalyticsTests" */ = {
			isa = XCConfigurationList;
			buildConfigurations = (
				OBJ_95 /* Debug */,
				OBJ_96 /* Release */,
			);
			defaultConfigurationIsVisible = 0;
			defaultConfigurationName = Release;
		};
/* End XCConfigurationList section */
	};
	rootObject = OBJ_1 /* Project object */;
}
